
Microsoft Visual Studio Solution File, Format Version 12.00
# Visual Studio Version 17
VisualStudioVersion = 17.4.33403.182
MinimumVisualStudioVersion = 10.0.40219.1
Project("{FAE04EC0-301F-11D3-BF4B-00C04F79EFBC}") = "E-Commerce.PL", "E-Commerce.PL\E-Commerce.PL.csproj", "{91A4FA3B-2C66-409F-B203-60006E8F2790}"
EndProject
Project("{FAE04EC0-301F-11D3-BF4B-00C04F79EFBC}") = "E-Commerce.DAL", "E-Commerce.DAL\E-Commerce.DAL.csproj", "{5BAF1AAD-4371-4186-8BAD-EB8CDA087105}"
EndProject
Project("{FAE04EC0-301F-11D3-BF4B-00C04F79EFBC}") = "E-Commerce.BLL", "E-Commerce.BLL\E-Commerce.BLL.csproj", "{5236A849-E5E1-411F-AFB8-32510146ED67}"
EndProject
Global
	GlobalSection(SolutionConfigurationPlatforms) = preSolution
		Debug|Any CPU = Debug|Any CPU
		Release|Any CPU = Release|Any CPU
	EndGlobalSection
	GlobalSection(ProjectConfigurationPlatforms) = postSolution
		{91A4FA3B-2C66-409F-B203-60006E8F2790}.Debug|Any CPU.ActiveCfg = Debug|Any CPU
		{91A4FA3B-2C66-409F-B203-60006E8F2790}.Debug|Any CPU.Build.0 = Debug|Any CPU
		{91A4FA3B-2C66-409F-B203-60006E8F2790}.Release|Any CPU.ActiveCfg = Release|Any CPU
		{91A4FA3B-2C66-409F-B203-60006E8F2790}.Release|Any CPU.Build.0 = Release|Any CPU
		{5BAF1AAD-4371-4186-8BAD-EB8CDA087105}.Debug|Any CPU.ActiveCfg = Debug|Any CPU
		{5BAF1AAD-4371-4186-8BAD-EB8CDA087105}.Debug|Any CPU.Build.0 = Debug|Any CPU
		{5BAF1AAD-4371-4186-8BAD-EB8CDA087105}.Release|Any CPU.ActiveCfg = Release|Any CPU
		{5BAF1AAD-4371-4186-8BAD-EB8CDA087105}.Release|Any CPU.Build.0 = Release|Any CPU
		{5236A849-E5E1-411F-AFB8-32510146ED67}.Debug|Any CPU.ActiveCfg = Debug|Any CPU
		{5236A849-E5E1-411F-AFB8-32510146ED67}.Debug|Any CPU.Build.0 = Debug|Any CPU
		{5236A849-E5E1-411F-AFB8-32510146ED67}.Release|Any CPU.ActiveCfg = Release|Any CPU
		{5236A849-E5E1-411F-AFB8-32510146ED67}.Release|Any CPU.Build.0 = Release|Any CPU
	EndGlobalSection
	GlobalSection(SolutionProperties) = preSolution
		HideSolutionNode = FALSE
	EndGlobalSection
	GlobalSection(ExtensibilityGlobals) = postSolution
		SolutionGuid = {F5E6A102-9430-4F4B-9ACF-935B9BE30E99}
	EndGlobalSection
EndGlobal
